
Microsoft Visual Studio Solution File, Format Version 12.00
# Visual Studio 15
VisualStudioVersion = 15.0.28307.960
MinimumVisualStudioVersion = 10.0.40219.1
Project("{FAE04EC0-301F-11D3-BF4B-00C04F79EFBC}") = "Reconhecimento_Defeitos", "Reconhecimento_Defeitos\Reconhecimento_Defeitos.csproj", "{8C4E0ADA-9DEE-4D03-87B9-FA84F858B829}"
EndProject
Global
	GlobalSection(SolutionConfigurationPlatforms) = preSolution
		Debug|Any CPU = Debug|Any CPU
		Release|Any CPU = Release|Any CPU
	EndGlobalSection
	GlobalSection(ProjectConfigurationPlatforms) = postSolution
		{8C4E0ADA-9DEE-4D03-87B9-FA84F858B829}.Debug|Any CPU.ActiveCfg = Debug|Any CPU
		{8C4E0ADA-9DEE-4D03-87B9-FA84F858B829}.Debug|Any CPU.Build.0 = Debug|Any CPU
		{8C4E0ADA-9DEE-4D03-87B9-FA84F858B829}.Release|Any CPU.ActiveCfg = Release|Any CPU
		{8C4E0ADA-9DEE-4D03-87B9-FA84F858B829}.Release|Any CPU.Build.0 = Release|Any CPU
	EndGlobalSection
	GlobalSection(SolutionProperties) = preSolution
		HideSolutionNode = FALSE
	EndGlobalSection
	GlobalSection(ExtensibilityGlobals) = postSolution
		SolutionGuid = {E13720AF-5E02-42E4-BE89-AFB2B7D4EC81}
	EndGlobalSection
EndGlobal
